
Microsoft Visual Studio Solution File, Format Version 12.00
# Visual Studio Version 17
VisualStudioVersion = 17.9.34701.34
MinimumVisualStudioVersion = 10.0.40219.1
Project("{FAE04EC0-301F-11D3-BF4B-00C04F79EFBC}") = "Mission11_Bagley", "Mission11_Bagley\Mission11_Bagley.csproj", "{ADBCAB53-05DE-4B4F-BEBB-BB4B554601ED}"
EndProject
Global
	GlobalSection(SolutionConfigurationPlatforms) = preSolution
		Debug|Any CPU = Debug|Any CPU
		Release|Any CPU = Release|Any CPU
	EndGlobalSection
	GlobalSection(ProjectConfigurationPlatforms) = postSolution
		{ADBCAB53-05DE-4B4F-BEBB-BB4B554601ED}.Debug|Any CPU.ActiveCfg = Debug|Any CPU
		{ADBCAB53-05DE-4B4F-BEBB-BB4B554601ED}.Debug|Any CPU.Build.0 = Debug|Any CPU
		{ADBCAB53-05DE-4B4F-BEBB-BB4B554601ED}.Release|Any CPU.ActiveCfg = Release|Any CPU
		{ADBCAB53-05DE-4B4F-BEBB-BB4B554601ED}.Release|Any CPU.Build.0 = Release|Any CPU
	EndGlobalSection
	GlobalSection(SolutionProperties) = preSolution
		HideSolutionNode = FALSE
	EndGlobalSection
	GlobalSection(ExtensibilityGlobals) = postSolution
		SolutionGuid = {84BAD8FE-667D-41E6-B676-618AF3507BC5}
	EndGlobalSection
EndGlobal
